PODS:
  - FMDB/common (2.5)
  - FMDB/SQLCipher (2.5):
    - FMDB/common
    - SQLCipher
  - SQLCipher (3.1.0):
    - SQLCipher/standard (= 3.1.0)
  - SQLCipher/common (3.1.0)
  - SQLCipher/standard (3.1.0):
    - SQLCipher/common

DEPENDENCIES:
  - FMDB/SQLCipher (~> 2.5.0)

SPEC CHECKSUMS:
  FMDB: 96e8f1bcc1329e269330f99770ad4285d9003e52
  SQLCipher: c44fcca49c31483c2489cfb79aa7a69407f3794a

COCOAPODS: 0.37.1
